
Microsoft Visual Studio Solution File, Format Version 12.00
# Visual Studio 14
VisualStudioVersion = 14.0.25123.0
MinimumVisualStudioVersion = 10.0.40219.1
Project("{FAE04EC0-301F-11D3-BF4B-00C04F79EFBC}") = "RefitCallSample", "RefitCallSample\RefitCallSample\RefitCallSample.csproj", "{AD3FDE0D-59EF-4DF0-870A-317A95E2AE38}"
EndProject
Project("{FAE04EC0-301F-11D3-BF4B-00C04F79EFBC}") = "RefitCallSample.Droid", "RefitCallSample\RefitCallSample.Droid\RefitCallSample.Droid.csproj", "{32AFB82F-4292-49CA-85EA-150C34BCC3E2}"
EndProject
Project("{FAE04EC0-301F-11D3-BF4B-00C04F79EFBC}") = "RefitCallSample.iOS", "RefitCallSample\RefitCallSample.iOS\RefitCallSample.iOS.csproj", "{17FF91A1-15C5-4EC7-9955-9CB0C7BC2BAA}"
EndProject
Project("{FAE04EC0-301F-11D3-BF4B-00C04F79EFBC}") = "RefitCallSample.UWP", "RefitCallSample\RefitCallSample.UWP\RefitCallSample.UWP.csproj", "{6F90C7AB-E7EA-4B08-8F57-25E41AB9C8E3}"
EndProject
Project("{FAE04EC0-301F-11D3-BF4B-00C04F79EFBC}") = "RefitCallSample.WPF", "RefitCallSample.WPF\RefitCallSample.WPF.csproj", "{E8F2EA5D-EBB4-4D14-9006-617E89F83360}"
EndProject
Project("{D954291E-2A0B-460D-934E-DC6B0785DB48}") = "RefitCallSample.Shared", "RefitCallSample.Shared\RefitCallSample.Shared.shproj", "{03AA56F1-7F49-42D5-9E35-337D6F2E87E1}"
EndProject
Global
	GlobalSection(SharedMSBuildProjectFiles) = preSolution
		RefitCallSample.Shared\RefitCallSample.Shared.projitems*{ad3fde0d-59ef-4df0-870a-317a95e2ae38}*SharedItemsImports = 4
		RefitCallSample.Shared\RefitCallSample.Shared.projitems*{03aa56f1-7f49-42d5-9e35-337d6f2e87e1}*SharedItemsImports = 13
		RefitCallSample.Shared\RefitCallSample.Shared.projitems*{e8f2ea5d-ebb4-4d14-9006-617e89f83360}*SharedItemsImports = 4
	EndGlobalSection
	GlobalSection(SolutionConfigurationPlatforms) = preSolution
		Ad-Hoc|Any CPU = Ad-Hoc|Any CPU
		Ad-Hoc|ARM = Ad-Hoc|ARM
		Ad-Hoc|iPhone = Ad-Hoc|iPhone
		Ad-Hoc|iPhoneSimulator = Ad-Hoc|iPhoneSimulator
		Ad-Hoc|x64 = Ad-Hoc|x64
		Ad-Hoc|x86 = Ad-Hoc|x86
		AppStore|Any CPU = AppStore|Any CPU
		AppStore|ARM = AppStore|ARM
		AppStore|iPhone = AppStore|iPhone
		AppStore|iPhoneSimulator = AppStore|iPhoneSimulator
		AppStore|x64 = AppStore|x64
		AppStore|x86 = AppStore|x86
		Debug|Any CPU = Debug|Any CPU
		Debug|ARM = Debug|ARM
		Debug|iPhone = Debug|iPhone
		Debug|iPhoneSimulator = Debug|iPhoneSimulator
		Debug|x64 = Debug|x64
		Debug|x86 = Debug|x86
		Release|Any CPU = Release|Any CPU
		Release|ARM = Release|ARM
		Release|iPhone = Release|iPhone
		Release|iPhoneSimulator = Release|iPhoneSimulator
		Release|x64 = Release|x64
		Release|x86 = Release|x86
	EndGlobalSection
	GlobalSection(ProjectConfigurationPlatforms) = postSolution
		{AD3FDE0D-59EF-4DF0-870A-317A95E2AE38}.Ad-Hoc|Any CPU.ActiveCfg = Release|Any CPU
		{AD3FDE0D-59EF-4DF0-870A-317A95E2AE38}.Ad-Hoc|Any CPU.Build.0 = Release|Any CPU
		{AD3FDE0D-59EF-4DF0-870A-317A95E2AE38}.Ad-Hoc|ARM.ActiveCfg = Release|Any CPU
		{AD3FDE0D-59EF-4DF0-870A-317A95E2AE38}.Ad-Hoc|ARM.Build.0 = Release|Any CPU
		{AD3FDE0D-59EF-4DF0-870A-317A95E2AE38}.Ad-Hoc|iPhone.ActiveCfg = Release|Any CPU
		{AD3FDE0D-59EF-4DF0-870A-317A95E2AE38}.Ad-Hoc|iPhone.Build.0 = Release|Any CPU
		{AD3FDE0D-59EF-4DF0-870A-317A95E2AE38}.Ad-Hoc|iPhoneSimulator.ActiveCfg = Release|Any CPU
		{AD3FDE0D-59EF-4DF0-870A-317A95E2AE38}.Ad-Hoc|iPhoneSimulator.Build.0 = Release|Any CPU
		{AD3FDE0D-59EF-4DF0-870A-317A95E2AE38}.Ad-Hoc|x64.ActiveCfg = Release|Any CPU
		{AD3FDE0D-59EF-4DF0-870A-317A95E2AE38}.Ad-Hoc|x64.Build.0 = Release|Any CPU
		{AD3FDE0D-59EF-4DF0-870A-317A95E2AE38}.Ad-Hoc|x86.ActiveCfg = Release|Any CPU
		{AD3FDE0D-59EF-4DF0-870A-317A95E2AE38}.Ad-Hoc|x86.Build.0 = Release|Any CPU
		{AD3FDE0D-59EF-4DF0-870A-317A95E2AE38}.AppStore|Any CPU.ActiveCfg = Release|Any CPU
		{AD3FDE0D-59EF-4DF0-870A-317A95E2AE38}.AppStore|Any CPU.Build.0 = Release|Any CPU
		{AD3FDE0D-59EF-4DF0-870A-317A95E2AE38}.AppStore|ARM.ActiveCfg = Release|Any CPU
		{AD3FDE0D-59EF-4DF0-870A-317A95E2AE38}.AppStore|ARM.Build.0 = Release|Any CPU
		{AD3FDE0D-59EF-4DF0-870A-317A95E2AE38}.AppStore|iPhone.ActiveCfg = Release|Any CPU
		{AD3FDE0D-59EF-4DF0-870A-317A95E2AE38}.AppStore|iPhone.Build.0 = Release|Any CPU
		{AD3FDE0D-59EF-4DF0-870A-317A95E2AE38}.AppStore|iPhoneSimulator.ActiveCfg = Release|Any CPU
		{AD3FDE0D-59EF-4DF0-870A-317A95E2AE38}.AppStore|iPhoneSimulator.Build.0 = Release|Any CPU
		{AD3FDE0D-59EF-4DF0-870A-317A95E2AE38}.AppStore|x64.ActiveCfg = Release|Any CPU
		{AD3FDE0D-59EF-4DF0-870A-317A95E2AE38}.AppStore|x64.Build.0 = Release|Any CPU
		{AD3FDE0D-59EF-4DF0-870A-317A95E2AE38}.AppStore|x86.ActiveCfg = Release|Any CPU
		{AD3FDE0D-59EF-4DF0-870A-317A95E2AE38}.AppStore|x86.Build.0 = Release|Any CPU
		{AD3FDE0D-59EF-4DF0-870A-317A95E2AE38}.Debug|Any CPU.ActiveCfg = Debug|Any CPU
		{AD3FDE0D-59EF-4DF0-870A-317A95E2AE38}.Debug|Any CPU.Build.0 = Debug|Any CPU
		{AD3FDE0D-59EF-4DF0-870A-317A95E2AE38}.Debug|ARM.ActiveCfg = Debug|Any CPU
		{AD3FDE0D-59EF-4DF0-870A-317A95E2AE38}.Debug|ARM.Build.0 = Debug|Any CPU
		{AD3FDE0D-59EF-4DF0-870A-317A95E2AE38}.Debug|iPhone.ActiveCfg = Debug|Any CPU
		{AD3FDE0D-59EF-4DF0-870A-317A95E2AE38}.Debug|iPhone.Build.0 = Debug|Any CPU
		{AD3FDE0D-59EF-4DF0-870A-317A95E2AE38}.Debug|iPhoneSimulator.ActiveCfg = Debug|Any CPU
		{AD3FDE0D-59EF-4DF0-870A-317A95E2AE38}.Debug|iPhoneSimulator.Build.0 = Debug|Any CPU
		{AD3FDE0D-59EF-4DF0-870A-317A95E2AE38}.Debug|x64.ActiveCfg = Debug|Any CPU
		{AD3FDE0D-59EF-4DF0-870A-317A95E2AE38}.Debug|x64.Build.0 = Debug|Any CPU
		{AD3FDE0D-59EF-4DF0-870A-317A95E2AE38}.Debug|x86.ActiveCfg = Debug|Any CPU
		{AD3FDE0D-59EF-4DF0-870A-317A95E2AE38}.Debug|x86.Build.0 = Debug|Any CPU
		{AD3FDE0D-59EF-4DF0-870A-317A95E2AE38}.Release|Any CPU.ActiveCfg = Release|Any CPU
		{AD3FDE0D-59EF-4DF0-870A-317A95E2AE38}.Release|Any CPU.Build.0 = Release|Any CPU
		{AD3FDE0D-59EF-4DF0-870A-317A95E2AE38}.Release|ARM.ActiveCfg = Release|Any CPU
		{AD3FDE0D-59EF-4DF0-870A-317A95E2AE38}.Release|ARM.Build.0 = Release|Any CPU
		{AD3FDE0D-59EF-4DF0-870A-317A95E2AE38}.Release|iPhone.ActiveCfg = Release|Any CPU
		{AD3FDE0D-59EF-4DF0-870A-317A95E2AE38}.Release|iPhone.Build.0 = Release|Any CPU
		{AD3FDE0D-59EF-4DF0-870A-317A95E2AE38}.Release|iPhoneSimulator.ActiveCfg = Release|Any CPU
		{AD3FDE0D-59EF-4DF0-870A-317A95E2AE38}.Release|iPhoneSimulator.Build.0 = Release|Any CPU
		{AD3FDE0D-59EF-4DF0-870A-317A95E2AE38}.Release|x64.ActiveCfg = Release|Any CPU
		{AD3FDE0D-59EF-4DF0-870A-317A95E2AE38}.Release|x64.Build.0 = Release|Any CPU
		{AD3FDE0D-59EF-4DF0-870A-317A95E2AE38}.Release|x86.ActiveCfg = Release|Any CPU
		{AD3FDE0D-59EF-4DF0-870A-317A95E2AE38}.Release|x86.Build.0 = Release|Any CPU
		{32AFB82F-4292-49CA-85EA-150C34BCC3E2}.Ad-Hoc|Any CPU.ActiveCfg = Release|Any CPU
		{32AFB82F-4292-49CA-85EA-150C34BCC3E2}.Ad-Hoc|Any CPU.Build.0 = Release|Any CPU
		{32AFB82F-4292-49CA-85EA-150C34BCC3E2}.Ad-Hoc|Any CPU.Deploy.0 = Release|Any CPU
		{32AFB82F-4292-49CA-85EA-150C34BCC3E2}.Ad-Hoc|ARM.ActiveCfg = Release|Any CPU
		{32AFB82F-4292-49CA-85EA-150C34BCC3E2}.Ad-Hoc|ARM.Build.0 = Release|Any CPU
		{32AFB82F-4292-49CA-85EA-150C34BCC3E2}.Ad-Hoc|ARM.Deploy.0 = Release|Any CPU
		{32AFB82F-4292-49CA-85EA-150C34BCC3E2}.Ad-Hoc|iPhone.ActiveCfg = Release|Any CPU
		{32AFB82F-4292-49CA-85EA-150C34BCC3E2}.Ad-Hoc|iPhone.Build.0 = Release|Any CPU
		{32AFB82F-4292-49CA-85EA-150C34BCC3E2}.Ad-Hoc|iPhone.Deploy.0 = Release|Any CPU
		{32AFB82F-4292-49CA-85EA-150C34BCC3E2}.Ad-Hoc|iPhoneSimulator.ActiveCfg = Release|Any CPU
		{32AFB82F-4292-49CA-85EA-150C34BCC3E2}.Ad-Hoc|iPhoneSimulator.Build.0 = Release|Any CPU
		{32AFB82F-4292-49CA-85EA-150C34BCC3E2}.Ad-Hoc|iPhoneSimulator.Deploy.0 = Release|Any CPU
		{32AFB82F-4292-49CA-85EA-150C34BCC3E2}.Ad-Hoc|x64.ActiveCfg = Release|Any CPU
		{32AFB82F-4292-49CA-85EA-150C34BCC3E2}.Ad-Hoc|x64.Build.0 = Release|Any CPU
		{32AFB82F-4292-49CA-85EA-150C34BCC3E2}.Ad-Hoc|x64.Deploy.0 = Release|Any CPU
		{32AFB82F-4292-49CA-85EA-150C34BCC3E2}.Ad-Hoc|x86.ActiveCfg = Release|Any CPU
		{32AFB82F-4292-49CA-85EA-150C34BCC3E2}.Ad-Hoc|x86.Build.0 = Release|Any CPU
		{32AFB82F-4292-49CA-85EA-150C34BCC3E2}.Ad-Hoc|x86.Deploy.0 = Release|Any CPU
		{32AFB82F-4292-49CA-85EA-150C34BCC3E2}.AppStore|Any CPU.ActiveCfg = Release|Any CPU
		{32AFB82F-4292-49CA-85EA-150C34BCC3E2}.AppStore|Any CPU.Build.0 = Release|Any CPU
		{32AFB82F-4292-49CA-85EA-150C34BCC3E2}.AppStore|Any CPU.Deploy.0 = Release|Any CPU
		{32AFB82F-4292-49CA-85EA-150C34BCC3E2}.AppStore|ARM.ActiveCfg = Release|Any CPU
		{32AFB82F-4292-49CA-85EA-150C34BCC3E2}.AppStore|ARM.Build.0 = Release|Any CPU
		{32AFB82F-4292-49CA-85EA-150C34BCC3E2}.AppStore|ARM.Deploy.0 = Release|Any CPU
		{32AFB82F-4292-49CA-85EA-150C34BCC3E2}.AppStore|iPhone.ActiveCfg = Release|Any CPU
		{32AFB82F-4292-49CA-85EA-150C34BCC3E2}.AppStore|iPhone.Build.0 = Release|Any CPU
		{32AFB82F-4292-49CA-85EA-150C34BCC3E2}.AppStore|iPhone.Deploy.0 = Release|Any CPU
		{32AFB82F-4292-49CA-85EA-150C34BCC3E2}.AppStore|iPhoneSimulator.ActiveCfg = Release|Any CPU
		{32AFB82F-4292-49CA-85EA-150C34BCC3E2}.AppStore|iPhoneSimulator.Build.0 = Release|Any CPU
		{32AFB82F-4292-49CA-85EA-150C34BCC3E2}.AppStore|iPhoneSimulator.Deploy.0 = Release|Any CPU
		{32AFB82F-4292-49CA-85EA-150C34BCC3E2}.AppStore|x64.ActiveCfg = Release|Any CPU
		{32AFB82F-4292-49CA-85EA-150C34BCC3E2}.AppStore|x64.Build.0 = Release|Any CPU
		{32AFB82F-4292-49CA-85EA-150C34BCC3E2}.AppStore|x64.Deploy.0 = Release|Any CPU
		{32AFB82F-4292-49CA-85EA-150C34BCC3E2}.AppStore|x86.ActiveCfg = Release|Any CPU
		{32AFB82F-4292-49CA-85EA-150C34BCC3E2}.AppStore|x86.Build.0 = Release|Any CPU
		{32AFB82F-4292-49CA-85EA-150C34BCC3E2}.AppStore|x86.Deploy.0 = Release|Any CPU
		{32AFB82F-4292-49CA-85EA-150C34BCC3E2}.Debug|Any CPU.ActiveCfg = Debug|Any CPU
		{32AFB82F-4292-49CA-85EA-150C34BCC3E2}.Debug|Any CPU.Build.0 = Debug|Any CPU
		{32AFB82F-4292-49CA-85EA-150C34BCC3E2}.Debug|Any CPU.Deploy.0 = Debug|Any CPU
		{32AFB82F-4292-49CA-85EA-150C34BCC3E2}.Debug|ARM.ActiveCfg = Debug|Any CPU
		{32AFB82F-4292-49CA-85EA-150C34BCC3E2}.Debug|ARM.Build.0 = Debug|Any CPU
		{32AFB82F-4292-49CA-85EA-150C34BCC3E2}.Debug|ARM.Deploy.0 = Debug|Any CPU
		{32AFB82F-4292-49CA-85EA-150C34BCC3E2}.Debug|iPhone.ActiveCfg = Debug|Any CPU
		{32AFB82F-4292-49CA-85EA-150C34BCC3E2}.Debug|iPhone.Build.0 = Debug|Any CPU
		{32AFB82F-4292-49CA-85EA-150C34BCC3E2}.Debug|iPhone.Deploy.0 = Debug|Any CPU
		{32AFB82F-4292-49CA-85EA-150C34BCC3E2}.Debug|iPhoneSimulator.ActiveCfg = Debug|Any CPU
		{32AFB82F-4292-49CA-85EA-150C34BCC3E2}.Debug|iPhoneSimulator.Build.0 = Debug|Any CPU
		{32AFB82F-4292-49CA-85EA-150C34BCC3E2}.Debug|iPhoneSimulator.Deploy.0 = Debug|Any CPU
		{32AFB82F-4292-49CA-85EA-150C34BCC3E2}.Debug|x64.ActiveCfg = Debug|Any CPU
		{32AFB82F-4292-49CA-85EA-150C34BCC3E2}.Debug|x64.Build.0 = Debug|Any CPU
		{32AFB82F-4292-49CA-85EA-150C34BCC3E2}.Debug|x64.Deploy.0 = Debug|Any CPU
		{32AFB82F-4292-49CA-85EA-150C34BCC3E2}.Debug|x86.ActiveCfg = Debug|Any CPU
		{32AFB82F-4292-49CA-85EA-150C34BCC3E2}.Debug|x86.Build.0 = Debug|Any CPU
		{32AFB82F-4292-49CA-85EA-150C34BCC3E2}.Debug|x86.Deploy.0 = Debug|Any CPU
		{32AFB82F-4292-49CA-85EA-150C34BCC3E2}.Release|Any CPU.ActiveCfg = Release|Any CPU
		{32AFB82F-4292-49CA-85EA-150C34BCC3E2}.Release|Any CPU.Build.0 = Release|Any CPU
		{32AFB82F-4292-49CA-85EA-150C34BCC3E2}.Release|Any CPU.Deploy.0 = Release|Any CPU
		{32AFB82F-4292-49CA-85EA-150C34BCC3E2}.Release|ARM.ActiveCfg = Release|Any CPU
		{32AFB82F-4292-49CA-85EA-150C34BCC3E2}.Release|ARM.Build.0 = Release|Any CPU
		{32AFB82F-4292-49CA-85EA-150C34BCC3E2}.Release|ARM.Deploy.0 = Release|Any CPU
		{32AFB82F-4292-49CA-85EA-150C34BCC3E2}.Release|iPhone.ActiveCfg = Release|Any CPU
		{32AFB82F-4292-49CA-85EA-150C34BCC3E2}.Release|iPhone.Build.0 = Release|Any CPU
		{32AFB82F-4292-49CA-85EA-150C34BCC3E2}.Release|iPhone.Deploy.0 = Release|Any CPU
		{32AFB82F-4292-49CA-85EA-150C34BCC3E2}.Release|iPhoneSimulator.ActiveCfg = Release|Any CPU
		{32AFB82F-4292-49CA-85EA-150C34BCC3E2}.Release|iPhoneSimulator.Build.0 = Release|Any CPU
		{32AFB82F-4292-49CA-85EA-150C34BCC3E2}.Release|iPhoneSimulator.Deploy.0 = Release|Any CPU
		{32AFB82F-4292-49CA-85EA-150C34BCC3E2}.Release|x64.ActiveCfg = Release|Any CPU
		{32AFB82F-4292-49CA-85EA-150C34BCC3E2}.Release|x64.Build.0 = Release|Any CPU
		{32AFB82F-4292-49CA-85EA-150C34BCC3E2}.Release|x64.Deploy.0 = Release|Any CPU
		{32AFB82F-4292-49CA-85EA-150C34BCC3E2}.Release|x86.ActiveCfg = Release|Any CPU
		{32AFB82F-4292-49CA-85EA-150C34BCC3E2}.Release|x86.Build.0 = Release|Any CPU
		{32AFB82F-4292-49CA-85EA-150C34BCC3E2}.Release|x86.Deploy.0 = Release|Any CPU
		{17FF91A1-15C5-4EC7-9955-9CB0C7BC2BAA}.Ad-Hoc|Any CPU.ActiveCfg = Ad-Hoc|iPhone
		{17FF91A1-15C5-4EC7-9955-9CB0C7BC2BAA}.Ad-Hoc|ARM.ActiveCfg = Ad-Hoc|iPhone
		{17FF91A1-15C5-4EC7-9955-9CB0C7BC2BAA}.Ad-Hoc|iPhone.ActiveCfg = Ad-Hoc|iPhone
		{17FF91A1-15C5-4EC7-9955-9CB0C7BC2BAA}.Ad-Hoc|iPhone.Build.0 = Ad-Hoc|iPhone
		{17FF91A1-15C5-4EC7-9955-9CB0C7BC2BAA}.Ad-Hoc|iPhoneSimulator.ActiveCfg = Ad-Hoc|iPhoneSimulator
		{17FF91A1-15C5-4EC7-9955-9CB0C7BC2BAA}.Ad-Hoc|iPhoneSimulator.Build.0 = Ad-Hoc|iPhoneSimulator
		{17FF91A1-15C5-4EC7-9955-9CB0C7BC2BAA}.Ad-Hoc|x64.ActiveCfg = Ad-Hoc|iPhone
		{17FF91A1-15C5-4EC7-9955-9CB0C7BC2BAA}.Ad-Hoc|x86.ActiveCfg = Ad-Hoc|iPhone
		{17FF91A1-15C5-4EC7-9955-9CB0C7BC2BAA}.AppStore|Any CPU.ActiveCfg = AppStore|iPhone
		{17FF91A1-15C5-4EC7-9955-9CB0C7BC2BAA}.AppStore|ARM.ActiveCfg = AppStore|iPhone
		{17FF91A1-15C5-4EC7-9955-9CB0C7BC2BAA}.AppStore|iPhone.ActiveCfg = AppStore|iPhone
		{17FF91A1-15C5-4EC7-9955-9CB0C7BC2BAA}.AppStore|iPhone.Build.0 = AppStore|iPhone
		{17FF91A1-15C5-4EC7-9955-9CB0C7BC2BAA}.AppStore|iPhoneSimulator.ActiveCfg = AppStore|iPhoneSimulator
		{17FF91A1-15C5-4EC7-9955-9CB0C7BC2BAA}.AppStore|iPhoneSimulator.Build.0 = AppStore|iPhoneSimulator
		{17FF91A1-15C5-4EC7-9955-9CB0C7BC2BAA}.AppStore|x64.ActiveCfg = AppStore|iPhone
		{17FF91A1-15C5-4EC7-9955-9CB0C7BC2BAA}.AppStore|x86.ActiveCfg = AppStore|iPhone
		{17FF91A1-15C5-4EC7-9955-9CB0C7BC2BAA}.Debug|Any CPU.ActiveCfg = Debug|iPhone
		{17FF91A1-15C5-4EC7-9955-9CB0C7BC2BAA}.Debug|ARM.ActiveCfg = Debug|iPhone
		{17FF91A1-15C5-4EC7-9955-9CB0C7BC2BAA}.Debug|iPhone.ActiveCfg = Debug|iPhone
		{17FF91A1-15C5-4EC7-9955-9CB0C7BC2BAA}.Debug|iPhone.Build.0 = Debug|iPhone
		{17FF91A1-15C5-4EC7-9955-9CB0C7BC2BAA}.Debug|iPhoneSimulator.ActiveCfg = Debug|iPhoneSimulator
		{17FF91A1-15C5-4EC7-9955-9CB0C7BC2BAA}.Debug|iPhoneSimulator.Build.0 = Debug|iPhoneSimulator
		{17FF91A1-15C5-4EC7-9955-9CB0C7BC2BAA}.Debug|x64.ActiveCfg = Debug|iPhone
		{17FF91A1-15C5-4EC7-9955-9CB0C7BC2BAA}.Debug|x86.ActiveCfg = Debug|iPhone
		{17FF91A1-15C5-4EC7-9955-9CB0C7BC2BAA}.Release|Any CPU.ActiveCfg = Release|iPhone
		{17FF91A1-15C5-4EC7-9955-9CB0C7BC2BAA}.Release|ARM.ActiveCfg = Release|iPhone
		{17FF91A1-15C5-4EC7-9955-9CB0C7BC2BAA}.Release|iPhone.ActiveCfg = Release|iPhone
		{17FF91A1-15C5-4EC7-9955-9CB0C7BC2BAA}.Release|iPhone.Build.0 = Release|iPhone
		{17FF91A1-15C5-4EC7-9955-9CB0C7BC2BAA}.Release|iPhoneSimulator.ActiveCfg = Release|iPhoneSimulator
		{17FF91A1-15C5-4EC7-9955-9CB0C7BC2BAA}.Release|iPhoneSimulator.Build.0 = Release|iPhoneSimulator
		{17FF91A1-15C5-4EC7-9955-9CB0C7BC2BAA}.Release|x64.ActiveCfg = Release|iPhone
		{17FF91A1-15C5-4EC7-9955-9CB0C7BC2BAA}.Release|x86.ActiveCfg = Release|iPhone
		{6F90C7AB-E7EA-4B08-8F57-25E41AB9C8E3}.Ad-Hoc|Any CPU.ActiveCfg = Release|x86
		{6F90C7AB-E7EA-4B08-8F57-25E41AB9C8E3}.Ad-Hoc|Any CPU.Build.0 = Release|x86
		{6F90C7AB-E7EA-4B08-8F57-25E41AB9C8E3}.Ad-Hoc|Any CPU.Deploy.0 = Release|x86
		{6F90C7AB-E7EA-4B08-8F57-25E41AB9C8E3}.Ad-Hoc|ARM.ActiveCfg = Release|ARM
		{6F90C7AB-E7EA-4B08-8F57-25E41AB9C8E3}.Ad-Hoc|ARM.Build.0 = Release|ARM
		{6F90C7AB-E7EA-4B08-8F57-25E41AB9C8E3}.Ad-Hoc|ARM.Deploy.0 = Release|ARM
		{6F90C7AB-E7EA-4B08-8F57-25E41AB9C8E3}.Ad-Hoc|iPhone.ActiveCfg = Release|x86
		{6F90C7AB-E7EA-4B08-8F57-25E41AB9C8E3}.Ad-Hoc|iPhone.Build.0 = Release|x86
		{6F90C7AB-E7EA-4B08-8F57-25E41AB9C8E3}.Ad-Hoc|iPhone.Deploy.0 = Release|x86
		{6F90C7AB-E7EA-4B08-8F57-25E41AB9C8E3}.Ad-Hoc|iPhoneSimulator.ActiveCfg = Release|x86
		{6F90C7AB-E7EA-4B08-8F57-25E41AB9C8E3}.Ad-Hoc|iPhoneSimulator.Build.0 = Release|x86
		{6F90C7AB-E7EA-4B08-8F57-25E41AB9C8E3}.Ad-Hoc|iPhoneSimulator.Deploy.0 = Release|x86
		{6F90C7AB-E7EA-4B08-8F57-25E41AB9C8E3}.Ad-Hoc|x64.ActiveCfg = Release|x64
		{6F90C7AB-E7EA-4B08-8F57-25E41AB9C8E3}.Ad-Hoc|x64.Build.0 = Release|x64
		{6F90C7AB-E7EA-4B08-8F57-25E41AB9C8E3}.Ad-Hoc|x64.Deploy.0 = Release|x64
		{6F90C7AB-E7EA-4B08-8F57-25E41AB9C8E3}.Ad-Hoc|x86.ActiveCfg = Release|x86
		{6F90C7AB-E7EA-4B08-8F57-25E41AB9C8E3}.Ad-Hoc|x86.Build.0 = Release|x86
		{6F90C7AB-E7EA-4B08-8F57-25E41AB9C8E3}.Ad-Hoc|x86.Deploy.0 = Release|x86
		{6F90C7AB-E7EA-4B08-8F57-25E41AB9C8E3}.AppStore|Any CPU.ActiveCfg = Release|x86
		{6F90C7AB-E7EA-4B08-8F57-25E41AB9C8E3}.AppStore|Any CPU.Build.0 = Release|x86
		{6F90C7AB-E7EA-4B08-8F57-25E41AB9C8E3}.AppStore|Any CPU.Deploy.0 = Release|x86
		{6F90C7AB-E7EA-4B08-8F57-25E41AB9C8E3}.AppStore|ARM.ActiveCfg = Release|ARM
		{6F90C7AB-E7EA-4B08-8F57-25E41AB9C8E3}.AppStore|ARM.Build.0 = Release|ARM
		{6F90C7AB-E7EA-4B08-8F57-25E41AB9C8E3}.AppStore|ARM.Deploy.0 = Release|ARM
		{6F90C7AB-E7EA-4B08-8F57-25E41AB9C8E3}.AppStore|iPhone.ActiveCfg = Release|x86
		{6F90C7AB-E7EA-4B08-8F57-25E41AB9C8E3}.AppStore|iPhone.Build.0 = Release|x86
		{6F90C7AB-E7EA-4B08-8F57-25E41AB9C8E3}.AppStore|iPhone.Deploy.0 = Release|x86
		{6F90C7AB-E7EA-4B08-8F57-25E41AB9C8E3}.AppStore|iPhoneSimulator.ActiveCfg = Release|x86
		{6F90C7AB-E7EA-4B08-8F57-25E41AB9C8E3}.AppStore|iPhoneSimulator.Build.0 = Release|x86
		{6F90C7AB-E7EA-4B08-8F57-25E41AB9C8E3}.AppStore|iPhoneSimulator.Deploy.0 = Release|x86
		{6F90C7AB-E7EA-4B08-8F57-25E41AB9C8E3}.AppStore|x64.ActiveCfg = Release|x64
		{6F90C7AB-E7EA-4B08-8F57-25E41AB9C8E3}.AppStore|x64.Build.0 = Release|x64
		{6F90C7AB-E7EA-4B08-8F57-25E41AB9C8E3}.AppStore|x64.Deploy.0 = Release|x64
		{6F90C7AB-E7EA-4B08-8F57-25E41AB9C8E3}.AppStore|x86.ActiveCfg = Release|x86
		{6F90C7AB-E7EA-4B08-8F57-25E41AB9C8E3}.AppStore|x86.Build.0 = Release|x86
		{6F90C7AB-E7EA-4B08-8F57-25E41AB9C8E3}.AppStore|x86.Deploy.0 = Release|x86
		{6F90C7AB-E7EA-4B08-8F57-25E41AB9C8E3}.Debug|Any CPU.ActiveCfg = Debug|x86
		{6F90C7AB-E7EA-4B08-8F57-25E41AB9C8E3}.Debug|Any CPU.Build.0 = Debug|x86
		{6F90C7AB-E7EA-4B08-8F57-25E41AB9C8E3}.Debug|Any CPU.Deploy.0 = Debug|x86
		{6F90C7AB-E7EA-4B08-8F57-25E41AB9C8E3}.Debug|ARM.ActiveCfg = Debug|ARM
		{6F90C7AB-E7EA-4B08-8F57-25E41AB9C8E3}.Debug|ARM.Build.0 = Debug|ARM
		{6F90C7AB-E7EA-4B08-8F57-25E41AB9C8E3}.Debug|ARM.Deploy.0 = Debug|ARM
		{6F90C7AB-E7EA-4B08-8F57-25E41AB9C8E3}.Debug|iPhone.ActiveCfg = Debug|x86
		{6F90C7AB-E7EA-4B08-8F57-25E41AB9C8E3}.Debug|iPhoneSimulator.ActiveCfg = Debug|x86
		{6F90C7AB-E7EA-4B08-8F57-25E41AB9C8E3}.Debug|x64.ActiveCfg = Debug|x64
		{6F90C7AB-E7EA-4B08-8F57-25E41AB9C8E3}.Debug|x64.Build.0 = Debug|x64
		{6F90C7AB-E7EA-4B08-8F57-25E41AB9C8E3}.Debug|x64.Deploy.0 = Debug|x64
		{6F90C7AB-E7EA-4B08-8F57-25E41AB9C8E3}.Debug|x86.ActiveCfg = Debug|x86
		{6F90C7AB-E7EA-4B08-8F57-25E41AB9C8E3}.Debug|x86.Build.0 = Debug|x86
		{6F90C7AB-E7EA-4B08-8F57-25E41AB9C8E3}.Debug|x86.Deploy.0 = Debug|x86
		{6F90C7AB-E7EA-4B08-8F57-25E41AB9C8E3}.Release|Any CPU.ActiveCfg = Release|x86
		{6F90C7AB-E7EA-4B08-8F57-25E41AB9C8E3}.Release|ARM.ActiveCfg = Release|ARM
		{6F90C7AB-E7EA-4B08-8F57-25E41AB9C8E3}.Release|ARM.Build.0 = Release|ARM
		{6F90C7AB-E7EA-4B08-8F57-25E41AB9C8E3}.Release|ARM.Deploy.0 = Release|ARM
		{6F90C7AB-E7EA-4B08-8F57-25E41AB9C8E3}.Release|iPhone.ActiveCfg = Release|x86
		{6F90C7AB-E7EA-4B08-8F57-25E41AB9C8E3}.Release|iPhoneSimulator.ActiveCfg = Release|x86
		{6F90C7AB-E7EA-4B08-8F57-25E41AB9C8E3}.Release|x64.ActiveCfg = Release|x64
		{6F90C7AB-E7EA-4B08-8F57-25E41AB9C8E3}.Release|x64.Build.0 = Release|x64
		{6F90C7AB-E7EA-4B08-8F57-25E41AB9C8E3}.Release|x64.Deploy.0 = Release|x64
		{6F90C7AB-E7EA-4B08-8F57-25E41AB9C8E3}.Release|x86.ActiveCfg = Release|x86
		{6F90C7AB-E7EA-4B08-8F57-25E41AB9C8E3}.Release|x86.Build.0 = Release|x86
		{6F90C7AB-E7EA-4B08-8F57-25E41AB9C8E3}.Release|x86.Deploy.0 = Release|x86
		{E8F2EA5D-EBB4-4D14-9006-617E89F83360}.Ad-Hoc|Any CPU.ActiveCfg = Release|Any CPU
		{E8F2EA5D-EBB4-4D14-9006-617E89F83360}.Ad-Hoc|Any CPU.Build.0 = Release|Any CPU
		{E8F2EA5D-EBB4-4D14-9006-617E89F83360}.Ad-Hoc|ARM.ActiveCfg = Release|Any CPU
		{E8F2EA5D-EBB4-4D14-9006-617E89F83360}.Ad-Hoc|ARM.Build.0 = Release|Any CPU
		{E8F2EA5D-EBB4-4D14-9006-617E89F83360}.Ad-Hoc|iPhone.ActiveCfg = Release|Any CPU
		{E8F2EA5D-EBB4-4D14-9006-617E89F83360}.Ad-Hoc|iPhone.Build.0 = Release|Any CPU
		{E8F2EA5D-EBB4-4D14-9006-617E89F83360}.Ad-Hoc|iPhoneSimulator.ActiveCfg = Release|Any CPU
		{E8F2EA5D-EBB4-4D14-9006-617E89F83360}.Ad-Hoc|iPhoneSimulator.Build.0 = Release|Any CPU
		{E8F2EA5D-EBB4-4D14-9006-617E89F83360}.Ad-Hoc|x64.ActiveCfg = Release|Any CPU
		{E8F2EA5D-EBB4-4D14-9006-617E89F83360}.Ad-Hoc|x64.Build.0 = Release|Any CPU
		{E8F2EA5D-EBB4-4D14-9006-617E89F83360}.Ad-Hoc|x86.ActiveCfg = Release|Any CPU
		{E8F2EA5D-EBB4-4D14-9006-617E89F83360}.Ad-Hoc|x86.Build.0 = Release|Any CPU
		{E8F2EA5D-EBB4-4D14-9006-617E89F83360}.AppStore|Any CPU.ActiveCfg = Release|Any CPU
		{E8F2EA5D-EBB4-4D14-9006-617E89F83360}.AppStore|Any CPU.Build.0 = Release|Any CPU
		{E8F2EA5D-EBB4-4D14-9006-617E89F83360}.AppStore|ARM.ActiveCfg = Release|Any CPU
		{E8F2EA5D-EBB4-4D14-9006-617E89F83360}.AppStore|ARM.Build.0 = Release|Any CPU
		{E8F2EA5D-EBB4-4D14-9006-617E89F83360}.AppStore|iPhone.ActiveCfg = Release|Any CPU
		{E8F2EA5D-EBB4-4D14-9006-617E89F83360}.AppStore|iPhone.Build.0 = Release|Any CPU
		{E8F2EA5D-EBB4-4D14-9006-617E89F83360}.AppStore|iPhoneSimulator.ActiveCfg = Release|Any CPU
		{E8F2EA5D-EBB4-4D14-9006-617E89F83360}.AppStore|iPhoneSimulator.Build.0 = Release|Any CPU
		{E8F2EA5D-EBB4-4D14-9006-617E89F83360}.AppStore|x64.ActiveCfg = Release|Any CPU
		{E8F2EA5D-EBB4-4D14-9006-617E89F83360}.AppStore|x64.Build.0 = Release|Any CPU
		{E8F2EA5D-EBB4-4D14-9006-617E89F83360}.AppStore|x86.ActiveCfg = Release|Any CPU
		{E8F2EA5D-EBB4-4D14-9006-617E89F83360}.AppStore|x86.Build.0 = Release|Any CPU
		{E8F2EA5D-EBB4-4D14-9006-617E89F83360}.Debug|Any CPU.ActiveCfg = Debug|Any CPU
		{E8F2EA5D-EBB4-4D14-9006-617E89F83360}.Debug|Any CPU.Build.0 = Debug|Any CPU
		{E8F2EA5D-EBB4-4D14-9006-617E89F83360}.Debug|ARM.ActiveCfg = Debug|Any CPU
		{E8F2EA5D-EBB4-4D14-9006-617E89F83360}.Debug|ARM.Build.0 = Debug|Any CPU
		{E8F2EA5D-EBB4-4D14-9006-617E89F83360}.Debug|iPhone.ActiveCfg = Debug|Any CPU
		{E8F2EA5D-EBB4-4D14-9006-617E89F83360}.Debug|iPhone.Build.0 = Debug|Any CPU
		{E8F2EA5D-EBB4-4D14-9006-617E89F83360}.Debug|iPhoneSimulator.ActiveCfg = Debug|Any CPU
		{E8F2EA5D-EBB4-4D14-9006-617E89F83360}.Debug|iPhoneSimulator.Build.0 = Debug|Any CPU
		{E8F2EA5D-EBB4-4D14-9006-617E89F83360}.Debug|x64.ActiveCfg = Debug|Any CPU
		{E8F2EA5D-EBB4-4D14-9006-617E89F83360}.Debug|x64.Build.0 = Debug|Any CPU
		{E8F2EA5D-EBB4-4D14-9006-617E89F83360}.Debug|x86.ActiveCfg = Debug|Any CPU
		{E8F2EA5D-EBB4-4D14-9006-617E89F83360}.Debug|x86.Build.0 = Debug|Any CPU
		{E8F2EA5D-EBB4-4D14-9006-617E89F83360}.Release|Any CPU.ActiveCfg = Release|Any CPU
		{E8F2EA5D-EBB4-4D14-9006-617E89F83360}.Release|Any CPU.Build.0 = Release|Any CPU
		{E8F2EA5D-EBB4-4D14-9006-617E89F83360}.Release|ARM.ActiveCfg = Release|Any CPU
		{E8F2EA5D-EBB4-4D14-9006-617E89F83360}.Release|ARM.Build.0 = Release|Any CPU
		{E8F2EA5D-EBB4-4D14-9006-617E89F83360}.Release|iPhone.ActiveCfg = Release|Any CPU
		{E8F2EA5D-EBB4-4D14-9006-617E89F83360}.Release|iPhone.Build.0 = Release|Any CPU
		{E8F2EA5D-EBB4-4D14-9006-617E89F83360}.Release|iPhoneSimulator.ActiveCfg = Release|Any CPU
		{E8F2EA5D-EBB4-4D14-9006-617E89F83360}.Release|iPhoneSimulator.Build.0 = Release|Any CPU
		{E8F2EA5D-EBB4-4D14-9006-617E89F83360}.Release|x64.ActiveCfg = Release|Any CPU
		{E8F2EA5D-EBB4-4D14-9006-617E89F83360}.Release|x64.Build.0 = Release|Any CPU
		{E8F2EA5D-EBB4-4D14-9006-617E89F83360}.Release|x86.ActiveCfg = Release|Any CPU
		{E8F2EA5D-EBB4-4D14-9006-617E89F83360}.Release|x86.Build.0 = Release|Any CPU
	EndGlobalSection
	GlobalSection(SolutionProperties) = preSolution
		HideSolutionNode = FALSE
	EndGlobalSection
EndGlobal
